dependencies:
- name: meshery-broker
  repository: file://../meshery/charts/meshery-broker
  version: 0.5.0
- name: meshery-meshsync
  repository: file://../meshery/charts/meshery-meshsync
  version: 0.5.0
digest: sha256:7febabdc2f2a1ba9f50cbae8812fb638cc06b11b5eae623a95ab09933922beec
generated: "2022-08-17T08:54:21.271170272Z"
